
Microsoft Visual Studio Solution File, Format Version 12.00
# Visual Studio Version 16
VisualStudioVersion = 16.0.31205.134
MinimumVisualStudioVersion = 10.0.40219.1
Project("{FAE04EC0-301F-11D3-BF4B-00C04F79EFBC}") = "ejercicio3Guia10", "ejercicio3Guia10\ejercicio3Guia10.csproj", "{4D07484B-EEF7-49B6-9451-36241E53D2BC}"
EndProject
Global
	GlobalSection(SolutionConfigurationPlatforms) = preSolution
		Debug|Any CPU = Debug|Any CPU
		Release|Any CPU = Release|Any CPU
	EndGlobalSection
	GlobalSection(ProjectConfigurationPlatforms) = postSolution
		{4D07484B-EEF7-49B6-9451-36241E53D2BC}.Debug|Any CPU.ActiveCfg = Debug|Any CPU
		{4D07484B-EEF7-49B6-9451-36241E53D2BC}.Debug|Any CPU.Build.0 = Debug|Any CPU
		{4D07484B-EEF7-49B6-9451-36241E53D2BC}.Release|Any CPU.ActiveCfg = Release|Any CPU
		{4D07484B-EEF7-49B6-9451-36241E53D2BC}.Release|Any CPU.Build.0 = Release|Any CPU
	EndGlobalSection
	GlobalSection(SolutionProperties) = preSolution
		HideSolutionNode = FALSE
	EndGlobalSection
	GlobalSection(ExtensibilityGlobals) = postSolution
		SolutionGuid = {D03B0303-6D36-4A85-9743-D2C2579159C1}
	EndGlobalSection
EndGlobal
